
Microsoft Visual Studio Solution File, Format Version 12.00
# Visual Studio Version 16
VisualStudioVersion = 16.0.31019.35
MinimumVisualStudioVersion = 10.0.40219.1
Project("{9A19103F-16F7-4668-BE54-9A1E7A4F7556}") = "ConsoleApp", "ConsoleApp\ConsoleApp.csproj", "{AFB98D70-0C51-442E-B700-03D409E4B377}"
EndProject
Project("{FAE04EC0-301F-11D3-BF4B-00C04F79EFBC}") = "MyUnitTest", "MyUnitTest\MyUnitTest.csproj", "{35B475F3-2C78-4424-A4DE-34C66EE260F0}"
EndProject
Global
	GlobalSection(SolutionConfigurationPlatforms) = preSolution
		Debug|Any CPU = Debug|Any CPU
		Release|Any CPU = Release|Any CPU
	EndGlobalSection
	GlobalSection(ProjectConfigurationPlatforms) = postSolution
		{AFB98D70-0C51-442E-B700-03D409E4B377}.Debug|Any CPU.ActiveCfg = Debug|Any CPU
		{AFB98D70-0C51-442E-B700-03D409E4B377}.Debug|Any CPU.Build.0 = Debug|Any CPU
		{AFB98D70-0C51-442E-B700-03D409E4B377}.Release|Any CPU.ActiveCfg = Release|Any CPU
		{AFB98D70-0C51-442E-B700-03D409E4B377}.Release|Any CPU.Build.0 = Release|Any CPU
		{35B475F3-2C78-4424-A4DE-34C66EE260F0}.Debug|Any CPU.ActiveCfg = Debug|Any CPU
		{35B475F3-2C78-4424-A4DE-34C66EE260F0}.Debug|Any CPU.Build.0 = Debug|Any CPU
		{35B475F3-2C78-4424-A4DE-34C66EE260F0}.Release|Any CPU.ActiveCfg = Release|Any CPU
		{35B475F3-2C78-4424-A4DE-34C66EE260F0}.Release|Any CPU.Build.0 = Release|Any CPU
	EndGlobalSection
	GlobalSection(SolutionProperties) = preSolution
		HideSolutionNode = FALSE
	EndGlobalSection
	GlobalSection(ExtensibilityGlobals) = postSolution
		SolutionGuid = {9DA816E4-F2D8-453E-9677-3CC2855775E9}
	EndGlobalSection
EndGlobal
